// !$*UTF8*$!
{
	archiveVersion = 1;
	classes = {
	};
	objectVersion = 56;
	objects = {

/* Begin PBXBuildFile section */
		308ED96229A6B37D0089284E /* ScrumdingerApp.swift in Sources */ = {isa = PBXBuildFile; fileRef = 308ED96129A6B37D0089284E /* ScrumdingerApp.swift */; };
		308ED96429A6B37D0089284E /* MeetingView.swift in Sources */ = {isa = PBXBuildFile; fileRef = 308ED96329A6B37D0089284E /* MeetingView.swift */; };
		308ED96629A6B37F0089284E /* Assets.xcassets in Resources */ = {isa = PBXBuildFile; fileRef = 308ED96529A6B37F0089284E /* Assets.xcassets */; };
		308ED96929A6B37F0089284E /* Preview Assets.xcassets in Resources */ = {isa = PBXBuildFile; fileRef = 308ED96829A6B37F0089284E /* Preview Assets.xcassets */; };
		308ED97329A6B37F0089284E /* ScrumdingerTests.swift in Sources */ = {isa = PBXBuildFile; fileRef = 308ED97229A6B37F0089284E /* ScrumdingerTests.swift */; };
		308ED97D29A6B37F0089284E /* ScrumdingerUITests.swift in Sources */ = {isa = PBXBuildFile; fileRef = 308ED97C29A6B37F0089284E /* ScrumdingerUITests.swift */; };
		308ED97F29A6B37F0089284E /* ScrumdingerUITestsLaunchTests.swift in Sources */ = {isa = PBXBuildFile; fileRef = 308ED97E29A6B37F0089284E /* ScrumdingerUITestsLaunchTests.swift */; };
		308ED98D29A6BB8E0089284E /* Theme.swift in Sources */ = {isa = PBXBuildFile; fileRef = 308ED98C29A6BB8E0089284E /* Theme.swift */; };
		308ED98F29A6BD2D0089284E /* DailyScrum.swift in Sources */ = {isa = PBXBuildFile; fileRef = 308ED98E29A6BD2D0089284E /* DailyScrum.swift */; };
		308ED99129A6BEDA0089284E /* CardView.swift in Sources */ = {isa = PBXBuildFile; fileRef = 308ED99029A6BEDA0089284E /* CardView.swift */; };
		308ED99329A6C4DA0089284E /* TrailingIconLabelStyle.swift in Sources */ = {isa = PBXBuildFile; fileRef = 308ED99229A6C4DA0089284E /* TrailingIconLabelStyle.swift */; };
		308ED99729A6C90A0089284E /* ScrumsView.swift in Sources */ = {isa = PBXBuildFile; fileRef = 308ED99629A6C90A0089284E /* ScrumsView.swift */; };
/* End PBXBuildFile section */

/* Begin PBXContainerItemProxy section */
		308ED96F29A6B37F0089284E /* PBXContainerItemProxy */ = {
			isa = PBXContainerItemProxy;
			containerPortal = 308ED95629A6B37D0089284E /* Project object */;
			proxyType = 1;
			remoteGlobalIDString = 308ED95D29A6B37D0089284E;
			remoteInfo = Scrumdinger;
		};
		308ED97929A6B37F0089284E /* PBXContainerItemProxy */ = {
			isa = PBXContainerItemProxy;
			containerPortal = 308ED95629A6B37D0089284E /* Project object */;
			proxyType = 1;
			remoteGlobalIDString = 308ED95D29A6B37D0089284E;
			remoteInfo = Scrumdinger;
		};
/* End PBXContainerItemProxy section */

/* Begin PBXFileReference section */
		308ED95E29A6B37D0089284E /* Scrumdinger.app */ = {isa = PBXFileReference; explicitFileType = wrapper.application; includeInIndex = 0; path = Scrumdinger.app; sourceTree = BUILT_PRODUCTS_DIR; };
		308ED96129A6B37D0089284E /* ScrumdingerApp.swift */ = {isa = PBXFileReference; lastKnownFileType = sourcecode.swift; path = ScrumdingerApp.swift; sourceTree = "<group>"; };
		308ED96329A6B37D0089284E /* MeetingView.swift */ = {isa = PBXFileReference; lastKnownFileType = sourcecode.swift; path = MeetingView.swift; sourceTree = "<group>"; };
		308ED96529A6B37F0089284E /* Assets.xcassets */ = {isa = PBXFileReference; lastKnownFileType = folder.assetcatalog; path = Assets.xcassets; sourceTree = "<group>"; };
		308ED96829A6B37F0089284E /* Preview Assets.xcassets */ = {isa = PBXFileReference; lastKnownFileType = folder.assetcatalog; path = "Preview Assets.xcassets"; sourceTree = "<group>"; };
		308ED96E29A6B37F0089284E /* ScrumdingerTests.xctest */ = {isa = PBXFileReference; explicitFileType = wrapper.cfbundle; includeInIndex = 0; path = ScrumdingerTests.xctest; sourceTree = BUILT_PRODUCTS_DIR; };
		308ED97229A6B37F0089284E /* ScrumdingerTests.swift */ = {isa = PBXFileReference; lastKnownFileType = sourcecode.swift; path = ScrumdingerTests.swift; sourceTree = "<group>"; };
		308ED97829A6B37F0089284E /* ScrumdingerUITests.xctest */ = {isa = PBXFileReference; explicitFileType = wrapper.cfbundle; includeInIndex = 0; path = ScrumdingerUITests.xctest; sourceTree = BUILT_PRODUCTS_DIR; };
		308ED97C29A6B37F0089284E /* ScrumdingerUITests.swift */ = {isa = PBXFileReference; lastKnownFileType = sourcecode.swift; path = ScrumdingerUITests.swift; sourceTree = "<group>"; };
		308ED97E29A6B37F0089284E /* ScrumdingerUITestsLaunchTests.swift */ = {isa = PBXFileReference; lastKnownFileType = sourcecode.swift; path = ScrumdingerUITestsLaunchTests.swift; sourceTree = "<group>"; };
		308ED98C29A6BB8E0089284E /* Theme.swift */ = {isa = PBXFileReference; lastKnownFileType = sourcecode.swift; path = Theme.swift; sourceTree = "<group>"; };
		308ED98E29A6BD2D0089284E /* DailyScrum.swift */ = {isa = PBXFileReference; lastKnownFileType = sourcecode.swift; path = DailyScrum.swift; sourceTree = "<group>"; };
		308ED99029A6BEDA0089284E /* CardView.swift */ = {isa = PBXFileReference; lastKnownFileType = sourcecode.swift; path = CardView.swift; sourceTree = "<group>"; };
		308ED99229A6C4DA0089284E /* TrailingIconLabelStyle.swift */ = {isa = PBXFileReference; lastKnownFileType = sourcecode.swift; path = TrailingIconLabelStyle.swift; sourceTree = "<group>"; };
		308ED99629A6C90A0089284E /* ScrumsView.swift */ = {isa = PBXFileReference; lastKnownFileType = sourcecode.swift; path = ScrumsView.swift; sourceTree = "<group>"; };
/* End PBXFileReference section */

/* Begin PBXFrameworksBuildPhase section */
		308ED95B29A6B37D0089284E /* Frameworks */ = {
			isa = PBXFrameworksBuildPhase;
			buildActionMask = 2147483647;
			files = (
			);
			runOnlyForDeploymentPostprocessing = 0;
		};
		308ED96B29A6B37F0089284E /* Frameworks */ = {
			isa = PBXFrameworksBuildPhase;
			buildActionMask = 2147483647;
			files = (
			);
			runOnlyForDeploymentPostprocessing = 0;
		};
		308ED97529A6B37F0089284E /* Frameworks */ = {
			isa = PBXFrameworksBuildPhase;
			buildActionMask = 2147483647;
			files = (
			);
			runOnlyForDeploymentPostprocessing = 0;
		};
/* End PBXFrameworksBuildPhase section */

/* Begin PBXGroup section */
		308ED95529A6B37D0089284E = {
			isa = PBXGroup;
			children = (
				308ED96029A6B37D0089284E /* Scrumdinger */,
				308ED97129A6B37F0089284E /* ScrumdingerTests */,
				308ED97B29A6B37F0089284E /* ScrumdingerUITests */,
				308ED95F29A6B37D0089284E /* Products */,
			);
			sourceTree = "<group>";
		};
		308ED95F29A6B37D0089284E /* Products */ = {
			isa = PBXGroup;
			children = (
				308ED95E29A6B37D0089284E /* Scrumdinger.app */,
				308ED96E29A6B37F0089284E /* ScrumdingerTests.xctest */,
				308ED97829A6B37F0089284E /* ScrumdingerUITests.xctest */,
			);
			name = Products;
			sourceTree = "<group>";
		};
		308ED96029A6B37D0089284E /* Scrumdinger */ = {
			isa = PBXGroup;
			children = (
				308ED98B29A6BB610089284E /* Models */,
				308ED96129A6B37D0089284E /* ScrumdingerApp.swift */,
				308ED96329A6B37D0089284E /* MeetingView.swift */,
				308ED96529A6B37F0089284E /* Assets.xcassets */,
				308ED96729A6B37F0089284E /* Preview Content */,
			);
			path = Scrumdinger;
			sourceTree = "<group>";
		};
		308ED96729A6B37F0089284E /* Preview Content */ = {
			isa = PBXGroup;
			children = (
				308ED96829A6B37F0089284E /* Preview Assets.xcassets */,
			);
			path = "Preview Content";
			sourceTree = "<group>";
		};
		308ED97129A6B37F0089284E /* ScrumdingerTests */ = {
			isa = PBXGroup;
			children = (
				308ED97229A6B37F0089284E /* ScrumdingerTests.swift */,
			);
			path = ScrumdingerTests;
			sourceTree = "<group>";
		};
		308ED97B29A6B37F0089284E /* ScrumdingerUITests */ = {
			isa = PBXGroup;
			children = (
				308ED97C29A6B37F0089284E /* ScrumdingerUITests.swift */,
				308ED97E29A6B37F0089284E /* ScrumdingerUITestsLaunchTests.swift */,
			);
			path = ScrumdingerUITests;
			sourceTree = "<group>";
		};
		308ED98B29A6BB610089284E /* Models */ = {
			isa = PBXGroup;
			children = (
				308ED98C29A6BB8E0089284E /* Theme.swift */,
				308ED98E29A6BD2D0089284E /* DailyScrum.swift */,
				308ED99029A6BEDA0089284E /* CardView.swift */,
				308ED99629A6C90A0089284E /* ScrumsView.swift */,
				308ED99229A6C4DA0089284E /* TrailingIconLabelStyle.swift */,
			);
			path = Models;
			sourceTree = "<group>";
		};
/* End PBXGroup section */

/* Begin PBXNativeTarget section */
		308ED95D29A6B37D0089284E /* Scrumdinger */ = {
			isa = PBXNativeTarget;
			buildConfigurationList = 308ED98229A6B37F0089284E /* Build configuration list for PBXNativeTarget "Scrumdinger" */;
			buildPhases = (
				308ED95A29A6B37D0089284E /* Sources */,
				308ED95B29A6B37D0089284E /* Frameworks */,
				308ED95C29A6B37D0089284E /* Resources */,
			);
			buildRules = (
			);
			dependencies = (
			);
			name = Scrumdinger;
			productName = Scrumdinger;
			productReference = 308ED95E29A6B37D0089284E /* Scrumdinger.app */;
			productType = "com.apple.product-type.application";
		};
		308ED96D29A6B37F0089284E /* ScrumdingerTests */ = {
			isa = PBXNativeTarget;
			buildConfigurationList = 308ED98529A6B37F0089284E /* Build configuration list for PBXNativeTarget "ScrumdingerTests" */;
			buildPhases = (
				308ED96A29A6B37F0089284E /* Sources */,
				308ED96B29A6B37F0089284E /* Frameworks */,
				308ED96C29A6B37F0089284E /* Resources */,
			);
			buildRules = (
			);
			dependencies = (
				308ED97029A6B37F0089284E /* PBXTargetDependency */,
			);
			name = ScrumdingerTests;
			productName = ScrumdingerTests;
			productReference = 308ED96E29A6B37F0089284E /* ScrumdingerTests.xctest */;
			productType = "com.apple.product-type.bundle.unit-test";
		};
		308ED97729A6B37F0089284E /* ScrumdingerUITests */ = {
			isa = PBXNativeTarget;
			buildConfigurationList = 308ED98829A6B37F0089284E /* Build configuration list for PBXNativeTarget "ScrumdingerUITests" */;
			buildPhases = (
				308ED97429A6B37F0089284E /* Sources */,
				308ED97529A6B37F0089284E /* Frameworks */,
				308ED97629A6B37F0089284E /* Resources */,
			);
			buildRules = (
			);
			dependencies = (
				308ED97A29A6B37F0089284E /* PBXTargetDependency */,
			);
			name = ScrumdingerUITests;
			productName = ScrumdingerUITests;
			productReference = 308ED97829A6B37F0089284E /* ScrumdingerUITests.xctest */;
			productType = "com.apple.product-type.bundle.ui-testing";
		};
/* End PBXNativeTarget section */

/* Begin PBXProject section */
		308ED95629A6B37D0089284E /* Project object */ = {
			isa = PBXProject;
			attributes = {
				BuildIndependentTargetsInParallel = 1;
				LastSwiftUpdateCheck = 1420;
				LastUpgradeCheck = 1420;
				TargetAttributes = {
					308ED95D29A6B37D0089284E = {
						CreatedOnToolsVersion = 14.2;
					};
					308ED96D29A6B37F0089284E = {
						CreatedOnToolsVersion = 14.2;
						TestTargetID = 308ED95D29A6B37D0089284E;
					};
					308ED97729A6B37F0089284E = {
						CreatedOnToolsVersion = 14.2;
						TestTargetID = 308ED95D29A6B37D0089284E;
					};
				};
			};
			buildConfigurationList = 308ED95929A6B37D0089284E /* Build configuration list for PBXProject "Scrumdinger" */;
			compatibilityVersion = "Xcode 14.0";
			developmentRegion = en;
			hasScannedForEncodings = 0;
			knownRegions = (
				en,
				Base,
			);
			mainGroup = 308ED95529A6B37D0089284E;
			productRefGroup = 308ED95F29A6B37D0089284E /* Products */;
			projectDirPath = "";
			projectRoot = "";
			targets = (
				308ED95D29A6B37D0089284E /* Scrumdinger */,
				308ED96D29A6B37F0089284E /* ScrumdingerTests */,
				308ED97729A6B37F0089284E /* ScrumdingerUITests */,
			);
		};
/* End PBXProject section */

/* Begin PBXResourcesBuildPhase section */
		308ED95C29A6B37D0089284E /* Resources */ = {
			isa = PBXResourcesBuildPhase;
			buildActionMask = 2147483647;
			files = (
				308ED96929A6B37F0089284E /* Preview Assets.xcassets in Resources */,
				308ED96629A6B37F0089284E /* Assets.xcassets in Resources */,
			);
			runOnlyForDeploymentPostprocessing = 0;
		};
		308ED96C29A6B37F0089284E /* Resources */ = {
			isa = PBXResourcesBuildPhase;
			buildActionMask = 2147483647;
			files = (
			);
			runOnlyForDeploymentPostprocessing = 0;
		};
		308ED97629A6B37F0089284E /* Resources */ = {
			isa = PBXResourcesBuildPhase;
			buildActionMask = 2147483647;
			files = (
			);
			runOnlyForDeploymentPostprocessing = 0;
		};
/* End PBXResourcesBuildPhase section */

/* Begin PBXSourcesBuildPhase section */
		308ED95A29A6B37D0089284E /* Sources */ = {
			isa = PBXSourcesBuildPhase;
			buildActionMask = 2147483647;
			files = (
				308ED98F29A6BD2D0089284E /* DailyScrum.swift in Sources */,
				308ED99329A6C4DA0089284E /* TrailingIconLabelStyle.swift in Sources */,
				308ED98D29A6BB8E0089284E /* Theme.swift in Sources */,
				308ED99729A6C90A0089284E /* ScrumsView.swift in Sources */,
				308ED96429A6B37D0089284E /* MeetingView.swift in Sources */,
				308ED96229A6B37D0089284E /* ScrumdingerApp.swift in Sources */,
				308ED99129A6BEDA0089284E /* CardView.swift in Sources */,
			);
			runOnlyForDeploymentPostprocessing = 0;
		};
		308ED96A29A6B37F0089284E /* Sources */ = {
			isa = PBXSourcesBuildPhase;
			buildActionMask = 2147483647;
			files = (
				308ED97329A6B37F0089284E /* ScrumdingerTests.swift in Sources */,
			);
			runOnlyForDeploymentPostprocessing = 0;
		};
		308ED97429A6B37F0089284E /* Sources */ = {
			isa = PBXSourcesBuildPhase;
			buildActionMask = 2147483647;
			files = (
				308ED97F29A6B37F0089284E /* ScrumdingerUITestsLaunchTests.swift in Sources */,
				308ED97D29A6B37F0089284E /* ScrumdingerUITests.swift in Sources */,
			);
			runOnlyForDeploymentPostprocessing = 0;
		};
/* End PBXSourcesBuildPhase section */

/* Begin PBXTargetDependency section */
		308ED97029A6B37F0089284E /* PBXTargetDependency */ = {
			isa = PBXTargetDependency;
			target = 308ED95D29A6B37D0089284E /* Scrumdinger */;
			targetProxy = 308ED96F29A6B37F0089284E /* PBXContainerItemProxy */;
		};
		308ED97A29A6B37F0089284E /* PBXTargetDependency */ = {
			isa = PBXTargetDependency;
			target = 308ED95D29A6B37D0089284E /* Scrumdinger */;
			targetProxy = 308ED97929A6B37F0089284E /* PBXContainerItemProxy */;
		};
/* End PBXTargetDependency section */

/* Begin XCBuildConfiguration section */
		308ED98029A6B37F0089284E /* Debug */ = {
			isa = XCBuildConfiguration;
			buildSettings = {
				ALWAYS_SEARCH_USER_PATHS = NO;
				CLANG_ANALYZER_NONNULL = YES;
				CLANG_ANALYZER_NUMBER_OBJECT_CONVERSION = YES_AGGRESSIVE;
				CLANG_CXX_LANGUAGE_STANDARD = "gnu++20";
				CLANG_ENABLE_MODULES = YES;
				CLANG_ENABLE_OBJC_ARC = YES;
				CLANG_ENABLE_OBJC_WEAK = YES;
				CLANG_WARN_BLOCK_CAPTURE_AUTORELEASING = YES;
				CLANG_WARN_BOOL_CONVERSION = YES;
				CLANG_WARN_COMMA = YES;
				CLANG_WARN_CONSTANT_CONVERSION = YES;
				CLANG_WARN_DEPRECATED_OBJC_IMPLEMENTATIONS = YES;
				CLANG_WARN_DIRECT_OBJC_ISA_USAGE = YES_ERROR;
				CLANG_WARN_DOCUMENTATION_COMMENTS = YES;
				CLANG_WARN_EMPTY_BODY = YES;
				CLANG_WARN_ENUM_CONVERSION = YES;
				CLANG_WARN_INFINITE_RECURSION = YES;
				CLANG_WARN_INT_CONVERSION = YES;
				CLANG_WARN_NON_LITERAL_NULL_CONVERSION = YES;
				CLANG_WARN_OBJC_IMPLICIT_RETAIN_SELF = YES;
				CLANG_WARN_OBJC_LITERAL_CONVERSION = YES;
				CLANG_WARN_OBJC_ROOT_CLASS = YES_ERROR;
				CLANG_WARN_QUOTED_INCLUDE_IN_FRAMEWORK_HEADER = YES;
				CLANG_WARN_RANGE_LOOP_ANALYSIS = YES;
				CLANG_WARN_STRICT_PROTOTYPES = YES;
				CLANG_WARN_SUSPICIOUS_MOVE = YES;
				CLANG_WARN_UNGUARDED_AVAILABILITY = YES_AGGRESSIVE;
				CLANG_WARN_UNREACHABLE_CODE = YES;
				CLANG_WARN__DUPLICATE_METHOD_MATCH = YES;
				COPY_PHASE_STRIP = NO;
				DEBUG_INFORMATION_FORMAT = dwarf;
				ENABLE_STRICT_OBJC_MSGSEND = YES;
				ENABLE_TESTABILITY = YES;
				GCC_C_LANGUAGE_STANDARD = gnu11;
				GCC_DYNAMIC_NO_PIC = NO;
				GCC_NO_COMMON_BLOCKS = YES;
				GCC_OPTIMIZATION_LEVEL = 0;
				GCC_PREPROCESSOR_DEFINITIONS = (
					"DEBUG=1",
					"$(inherited)",
				);
				GCC_WARN_64_TO_32_BIT_CONVERSION = YES;
				GCC_WARN_ABOUT_RETURN_TYPE = YES_ERROR;
				GCC_WARN_UNDECLARED_SELECTOR = YES;
				GCC_WARN_UNINITIALIZED_AUTOS = YES_AGGRESSIVE;
				GCC_WARN_UNUSED_FUNCTION = YES;
				GCC_WARN_UNUSED_VARIABLE = YES;
				IPHONEOS_DEPLOYMENT_TARGET = 16.2;
				MTL_ENABLE_DEBUG_INFO = INCLUDE_SOURCE;
				MTL_FAST_MATH = YES;
				ONLY_ACTIVE_ARCH = YES;
				SDKROOT = iphoneos;
				SWIFT_ACTIVE_COMPILATION_CONDITIONS = DEBUG;
				SWIFT_OPTIMIZATION_LEVEL = "-Onone";
			};
			name = Debug;
		};
		308ED98129A6B37F0089284E /* Release */ = {
			isa = XCBuildConfiguration;
			buildSettings = {
				ALWAYS_SEARCH_USER_PATHS = NO;
				CLANG_ANALYZER_NONNULL = YES;
				CLANG_ANALYZER_NUMBER_OBJECT_CONVERSION = YES_AGGRESSIVE;
				CLANG_CXX_LANGUAGE_STANDARD = "gnu++20";
				CLANG_ENABLE_MODULES = YES;
				CLANG_ENABLE_OBJC_ARC = YES;
				CLANG_ENABLE_OBJC_WEAK = YES;
				CLANG_WARN_BLOCK_CAPTURE_AUTORELEASING = YES;
				CLANG_WARN_BOOL_CONVERSION = YES;
				CLANG_WARN_COMMA = YES;
				CLANG_WARN_CONSTANT_CONVERSION = YES;
				CLANG_WARN_DEPRECATED_OBJC_IMPLEMENTATIONS = YES;
				CLANG_WARN_DIRECT_OBJC_ISA_USAGE = YES_ERROR;
				CLANG_WARN_DOCUMENTATION_COMMENTS = YES;
				CLANG_WARN_EMPTY_BODY = YES;
				CLANG_WARN_ENUM_CONVERSION = YES;
				CLANG_WARN_INFINITE_RECURSION = YES;
				CLANG_WARN_INT_CONVERSION = YES;
				CLANG_WARN_NON_LITERAL_NULL_CONVERSION = YES;
				CLANG_WARN_OBJC_IMPLICIT_RETAIN_SELF = YES;
				CLANG_WARN_OBJC_LITERAL_CONVERSION = YES;
				CLANG_WARN_OBJC_ROOT_CLASS = YES_ERROR;
				CLANG_WARN_QUOTED_INCLUDE_IN_FRAMEWORK_HEADER = YES;
				CLANG_WARN_RANGE_LOOP_ANALYSIS = YES;
				CLANG_WARN_STRICT_PROTOTYPES = YES;
				CLANG_WARN_SUSPICIOUS_MOVE = YES;
				CLANG_WARN_UNGUARDED_AVAILABILITY = YES_AGGRESSIVE;
				CLANG_WARN_UNREACHABLE_CODE = YES;
				CLANG_WARN__DUPLICATE_METHOD_MATCH = YES;
				COPY_PHASE_STRIP = NO;
				DEBUG_INFORMATION_FORMAT = "dwarf-with-dsym";
				ENABLE_NS_ASSERTIONS = NO;
				ENABLE_STRICT_OBJC_MSGSEND = YES;
				GCC_C_LANGUAGE_STANDARD = gnu11;
				GCC_NO_COMMON_BLOCKS = YES;
				GCC_WARN_64_TO_32_BIT_CONVERSION = YES;
				GCC_WARN_ABOUT_RETURN_TYPE = YES_ERROR;
				GCC_WARN_UNDECLARED_SELECTOR = YES;
				GCC_WARN_UNINITIALIZED_AUTOS = YES_AGGRESSIVE;
				GCC_WARN_UNUSED_FUNCTION = YES;
				GCC_WARN_UNUSED_VARIABLE = YES;
				IPHONEOS_DEPLOYMENT_TARGET = 16.2;
				MTL_ENABLE_DEBUG_INFO = NO;
				MTL_FAST_MATH = YES;
				SDKROOT = iphoneos;
				SWIFT_COMPILATION_MODE = wholemodule;
				SWIFT_OPTIMIZATION_LEVEL = "-O";
				VALIDATE_PRODUCT = YES;
			};
			name = Release;
		};
		308ED98329A6B37F0089284E /* Debug */ = {
			isa = XCBuildConfiguration;
			buildSettings = {
				ASSETCATALOG_COMPILER_APPICON_NAME = AppIcon;
				ASSETCATALOG_COMPILER_GLOBAL_ACCENT_COLOR_NAME = AccentColor;
				CODE_SIGN_STYLE = Automatic;
				CURRENT_PROJECT_VERSION = 1;
				DEVELOPMENT_ASSET_PATHS = "\"Scrumdinger/Preview Content\"";
				ENABLE_PREVIEWS = YES;
				GENERATE_INFOPLIST_FILE = YES;
				INFOPLIST_KEY_UIApplicationSceneManifest_Generation = YES;
				INFOPLIST_KEY_UIApplicationSupportsIndirectInputEvents = YES;
				INFOPLIST_KEY_UILaunchScreen_Generation = YES;
				INFOPLIST_KEY_UISupportedInterfaceOrientations_iPad = "UIInterfaceOrientationPortrait UIInterfaceOrientationPortraitUpsideDown UIInterfaceOrientationLandscapeLeft UIInterfaceOrientationLandscapeRight";
				INFOPLIST_KEY_UISupportedInterfaceOrientations_iPhone = "UIInterfaceOrientationPortrait UIInterfaceOrientationLandscapeLeft UIInterfaceOrientationLandscapeRight";
				LD_RUNPATH_SEARCH_PATHS = (
					"$(inherited)",
					"@executable_path/Frameworks",
				);
				MARKETING_VERSION = 1.0;
				PRODUCT_BUNDLE_IDENTIFIER = new.Scrumdinger;
				PRODUCT_NAME = "$(TARGET_NAME)";
				SWIFT_EMIT_LOC_STRINGS = YES;
				SWIFT_VERSION = 5.0;
				TARGETED_DEVICE_FAMILY = "1,2";
			};
			name = Debug;
		};
		308ED98429A6B37F0089284E /* Release */ = {
			isa = XCBuildConfiguration;
			buildSettings = {
				ASSETCATALOG_COMPILER_APPICON_NAME = AppIcon;
				ASSETCATALOG_COMPILER_GLOBAL_ACCENT_COLOR_NAME = AccentColor;
				CODE_SIGN_STYLE = Automatic;
				CURRENT_PROJECT_VERSION = 1;
				DEVELOPMENT_ASSET_PATHS = "\"Scrumdinger/Preview Content\"";
				ENABLE_PREVIEWS = YES;
				GENERATE_INFOPLIST_FILE = YES;
				INFOPLIST_KEY_UIApplicationSceneManifest_Generation = YES;
				INFOPLIST_KEY_UIApplicationSupportsIndirectInputEvents = YES;
				INFOPLIST_KEY_UILaunchScreen_Generation = YES;
				INFOPLIST_KEY_UISupportedInterfaceOrientations_iPad = "UIInterfaceOrientationPortrait UIInterfaceOrientationPortraitUpsideDown UIInterfaceOrientationLandscapeLeft UIInterfaceOrientationLandscapeRight";
				INFOPLIST_KEY_UISupportedInterfaceOrientations_iPhone = "UIInterfaceOrientationPortrait UIInterfaceOrientationLandscapeLeft UIInterfaceOrientationLandscapeRight";
				LD_RUNPATH_SEARCH_PATHS = (
					"$(inherited)",
					"@executable_path/Frameworks",
				);
				MARKETING_VERSION = 1.0;
				PRODUCT_BUNDLE_IDENTIFIER = new.Scrumdinger;
				PRODUCT_NAME = "$(TARGET_NAME)";
				SWIFT_EMIT_LOC_STRINGS = YES;
				SWIFT_VERSION = 5.0;
				TARGETED_DEVICE_FAMILY = "1,2";
			};
			name = Release;
		};
		308ED98629A6B37F0089284E /* Debug */ = {
			isa = XCBuildConfiguration;
			buildSettings = {
				ALWAYS_EMBED_SWIFT_STANDARD_LIBRARIES = YES;
				BUNDLE_LOADER = "$(TEST_HOST)";
				CODE_SIGN_STYLE = Automatic;
				CURRENT_PROJECT_VERSION = 1;
				GENERATE_INFOPLIST_FILE = YES;
				IPHONEOS_DEPLOYMENT_TARGET = 16.2;
				MARKETING_VERSION = 1.0;
				PRODUCT_BUNDLE_IDENTIFIER = new.ScrumdingerTests;
				PRODUCT_NAME = "$(TARGET_NAME)";
				SWIFT_EMIT_LOC_STRINGS = NO;
				SWIFT_VERSION = 5.0;
				TARGETED_DEVICE_FAMILY = "1,2";
				TEST_HOST = "$(BUILT_PRODUCTS_DIR)/Scrumdinger.app/$(BUNDLE_EXECUTABLE_FOLDER_PATH)/Scrumdinger";
			};
			name = Debug;
		};
		308ED98729A6B37F0089284E /* Release */ = {
			isa = XCBuildConfiguration;
			buildSettings = {
				ALWAYS_EMBED_SWIFT_STANDARD_LIBRARIES = YES;
				BUNDLE_LOADER = "$(TEST_HOST)";
				CODE_SIGN_STYLE = Automatic;
				CURRENT_PROJECT_VERSION = 1;
				GENERATE_INFOPLIST_FILE = YES;
				IPHONEOS_DEPLOYMENT_TARGET = 16.2;
				MARKETING_VERSION = 1.0;
				PRODUCT_BUNDLE_IDENTIFIER = new.ScrumdingerTests;
				PRODUCT_NAME = "$(TARGET_NAME)";
				SWIFT_EMIT_LOC_STRINGS = NO;
				SWIFT_VERSION = 5.0;
				TARGETED_DEVICE_FAMILY = "1,2";
				TEST_HOST = "$(BUILT_PRODUCTS_DIR)/Scrumdinger.app/$(BUNDLE_EXECUTABLE_FOLDER_PATH)/Scrumdinger";
			};
			name = Release;
		};
		308ED98929A6B37F0089284E /* Debug */ = {
			isa = XCBuildConfiguration;
			buildSettings = {
				ALWAYS_EMBED_SWIFT_STANDARD_LIBRARIES = YES;
				CODE_SIGN_STYLE = Automatic;
				CURRENT_PROJECT_VERSION = 1;
				GENERATE_INFOPLIST_FILE = YES;
				MARKETING_VERSION = 1.0;
				PRODUCT_BUNDLE_IDENTIFIER = new.ScrumdingerUITests;
				PRODUCT_NAME = "$(TARGET_NAME)";
				SWIFT_EMIT_LOC_STRINGS = NO;
				SWIFT_VERSION = 5.0;
				TARGETED_DEVICE_FAMILY = "1,2";
				TEST_TARGET_NAME = Scrumdinger;
			};
			name = Debug;
		};
		308ED98A29A6B37F0089284E /* Release */ = {
			isa = XCBuildConfiguration;
			buildSettings = {
				ALWAYS_EMBED_SWIFT_STANDARD_LIBRARIES = YES;
				CODE_SIGN_STYLE = Automatic;
				CURRENT_PROJECT_VERSION = 1;
				GENERATE_INFOPLIST_FILE = YES;
				MARKETING_VERSION = 1.0;
				PRODUCT_BUNDLE_IDENTIFIER = new.ScrumdingerUITests;
				PRODUCT_NAME = "$(TARGET_NAME)";
				SWIFT_EMIT_LOC_STRINGS = NO;
				SWIFT_VERSION = 5.0;
				TARGETED_DEVICE_FAMILY = "1,2";
				TEST_TARGET_NAME = Scrumdinger;
			};
			name = Release;
		};
/* End XCBuildConfiguration section */

/* Begin XCConfigurationList section */
		308ED95929A6B37D0089284E /* Build configuration list for PBXProject "Scrumdinger" */ = {
			isa = XCConfigurationList;
			buildConfigurations = (
				308ED98029A6B37F0089284E /* Debug */,
				308ED98129A6B37F0089284E /* Release */,
			);
			defaultConfigurationIsVisible = 0;
			defaultConfigurationName = Release;
		};
		308ED98229A6B37F0089284E /* Build configuration list for PBXNativeTarget "Scrumdinger" */ = {
			isa = XCConfigurationList;
			buildConfigurations = (
				308ED98329A6B37F0089284E /* Debug */,
				308ED98429A6B37F0089284E /* Release */,
			);
			defaultConfigurationIsVisible = 0;
			defaultConfigurationName = Release;
		};
		308ED98529A6B37F0089284E /* Build configuration list for PBXNativeTarget "ScrumdingerTests" */ = {
			isa = XCConfigurationList;
			buildConfigurations = (
				308ED98629A6B37F0089284E /* Debug */,
				308ED98729A6B37F0089284E /* Release */,
			);
			defaultConfigurationIsVisible = 0;
			defaultConfigurationName = Release;
		};
		308ED98829A6B37F0089284E /* Build configuration list for PBXNativeTarget "ScrumdingerUITests" */ = {
			isa = XCConfigurationList;
			buildConfigurations = (
				308ED98929A6B37F0089284E /* Debug */,
				308ED98A29A6B37F0089284E /* Release */,
			);
			defaultConfigurationIsVisible = 0;
			defaultConfigurationName = Release;
		};
/* End XCConfigurationList section */
	};
	rootObject = 308ED95629A6B37D0089284E /* Project object */;
}
